
Microsoft Visual Studio Solution File, Format Version 12.00
# Visual Studio 2013
VisualStudioVersion = 12.0.30324.0
MinimumVisualStudioVersion = 10.0.40219.1
Project("{2150E333-8FDC-42A3-9474-1A3956D46DE8}") = "Samples", "Samples", "{6DF39659-401E-401B-B416-CA8DCF77796E}"
EndProject
Project("{FAE04EC0-301F-11D3-BF4B-00C04F79EFBC}") = "PortableResourceLoader.Samples.Wpf", "Samples\PortableResourceLoader.Samples.Wpf\PortableResourceLoader.Samples.Wpf.csproj", "{5769756E-AECD-4E76-BFA8-20394BA8BF3F}"
EndProject
Project("{FAE04EC0-301F-11D3-BF4B-00C04F79EFBC}") = "PortableResourceLoader.Samples.WindowsStoreApp", "Samples\PortableResourceLoader.Samples.WindowsStoreApp\PortableResourceLoader.Samples.WindowsStoreApp.csproj", "{026E4123-C22C-410F-8EAE-445B802F5368}"
EndProject
Project("{FAE04EC0-301F-11D3-BF4B-00C04F79EFBC}") = "PortableResourceLoader", "PortableResourceLoader\PortableResourceLoader.csproj", "{8C86C5D5-0812-4E0E-8D5B-D48EFCD7AE40}"
EndProject
Project("{FAE04EC0-301F-11D3-BF4B-00C04F79EFBC}") = "PortableResourceLoader.Samples.Android", "PortableResourceLoader.Samples.Android\PortableResourceLoader.Samples.Android.csproj", "{174B02A6-F189-40CF-832F-C294A9325D37}"
EndProject
Global
	GlobalSection(SolutionConfigurationPlatforms) = preSolution
		Debug|Any CPU = Debug|Any CPU
		Debug|ARM = Debug|ARM
		Debug|x64 = Debug|x64
		Debug|x86 = Debug|x86
		Release|Any CPU = Release|Any CPU
		Release|ARM = Release|ARM
		Release|x64 = Release|x64
		Release|x86 = Release|x86
	EndGlobalSection
	GlobalSection(ProjectConfigurationPlatforms) = postSolution
		{5769756E-AECD-4E76-BFA8-20394BA8BF3F}.Debug|Any CPU.ActiveCfg = Debug|Any CPU
		{5769756E-AECD-4E76-BFA8-20394BA8BF3F}.Debug|Any CPU.Build.0 = Debug|Any CPU
		{5769756E-AECD-4E76-BFA8-20394BA8BF3F}.Debug|ARM.ActiveCfg = Debug|Any CPU
		{5769756E-AECD-4E76-BFA8-20394BA8BF3F}.Debug|x64.ActiveCfg = Debug|Any CPU
		{5769756E-AECD-4E76-BFA8-20394BA8BF3F}.Debug|x86.ActiveCfg = Debug|Any CPU
		{5769756E-AECD-4E76-BFA8-20394BA8BF3F}.Release|Any CPU.ActiveCfg = Release|Any CPU
		{5769756E-AECD-4E76-BFA8-20394BA8BF3F}.Release|Any CPU.Build.0 = Release|Any CPU
		{5769756E-AECD-4E76-BFA8-20394BA8BF3F}.Release|ARM.ActiveCfg = Release|Any CPU
		{5769756E-AECD-4E76-BFA8-20394BA8BF3F}.Release|x64.ActiveCfg = Release|Any CPU
		{5769756E-AECD-4E76-BFA8-20394BA8BF3F}.Release|x86.ActiveCfg = Release|Any CPU
		{026E4123-C22C-410F-8EAE-445B802F5368}.Debug|Any CPU.ActiveCfg = Debug|Any CPU
		{026E4123-C22C-410F-8EAE-445B802F5368}.Debug|Any CPU.Build.0 = Debug|Any CPU
		{026E4123-C22C-410F-8EAE-445B802F5368}.Debug|Any CPU.Deploy.0 = Debug|Any CPU
		{026E4123-C22C-410F-8EAE-445B802F5368}.Debug|ARM.ActiveCfg = Debug|ARM
		{026E4123-C22C-410F-8EAE-445B802F5368}.Debug|ARM.Build.0 = Debug|ARM
		{026E4123-C22C-410F-8EAE-445B802F5368}.Debug|ARM.Deploy.0 = Debug|ARM
		{026E4123-C22C-410F-8EAE-445B802F5368}.Debug|x64.ActiveCfg = Debug|x64
		{026E4123-C22C-410F-8EAE-445B802F5368}.Debug|x64.Build.0 = Debug|x64
		{026E4123-C22C-410F-8EAE-445B802F5368}.Debug|x64.Deploy.0 = Debug|x64
		{026E4123-C22C-410F-8EAE-445B802F5368}.Debug|x86.ActiveCfg = Debug|x86
		{026E4123-C22C-410F-8EAE-445B802F5368}.Debug|x86.Build.0 = Debug|x86
		{026E4123-C22C-410F-8EAE-445B802F5368}.Debug|x86.Deploy.0 = Debug|x86
		{026E4123-C22C-410F-8EAE-445B802F5368}.Release|Any CPU.ActiveCfg = Release|Any CPU
		{026E4123-C22C-410F-8EAE-445B802F5368}.Release|Any CPU.Build.0 = Release|Any CPU
		{026E4123-C22C-410F-8EAE-445B802F5368}.Release|Any CPU.Deploy.0 = Release|Any CPU
		{026E4123-C22C-410F-8EAE-445B802F5368}.Release|ARM.ActiveCfg = Release|ARM
		{026E4123-C22C-410F-8EAE-445B802F5368}.Release|ARM.Build.0 = Release|ARM
		{026E4123-C22C-410F-8EAE-445B802F5368}.Release|ARM.Deploy.0 = Release|ARM
		{026E4123-C22C-410F-8EAE-445B802F5368}.Release|x64.ActiveCfg = Release|x64
		{026E4123-C22C-410F-8EAE-445B802F5368}.Release|x64.Build.0 = Release|x64
		{026E4123-C22C-410F-8EAE-445B802F5368}.Release|x64.Deploy.0 = Release|x64
		{026E4123-C22C-410F-8EAE-445B802F5368}.Release|x86.ActiveCfg = Release|x86
		{026E4123-C22C-410F-8EAE-445B802F5368}.Release|x86.Build.0 = Release|x86
		{026E4123-C22C-410F-8EAE-445B802F5368}.Release|x86.Deploy.0 = Release|x86
		{8C86C5D5-0812-4E0E-8D5B-D48EFCD7AE40}.Debug|Any CPU.ActiveCfg = Debug|Any CPU
		{8C86C5D5-0812-4E0E-8D5B-D48EFCD7AE40}.Debug|Any CPU.Build.0 = Debug|Any CPU
		{8C86C5D5-0812-4E0E-8D5B-D48EFCD7AE40}.Debug|ARM.ActiveCfg = Debug|Any CPU
		{8C86C5D5-0812-4E0E-8D5B-D48EFCD7AE40}.Debug|x64.ActiveCfg = Debug|Any CPU
		{8C86C5D5-0812-4E0E-8D5B-D48EFCD7AE40}.Debug|x86.ActiveCfg = Debug|Any CPU
		{8C86C5D5-0812-4E0E-8D5B-D48EFCD7AE40}.Release|Any CPU.ActiveCfg = Release|Any CPU
		{8C86C5D5-0812-4E0E-8D5B-D48EFCD7AE40}.Release|Any CPU.Build.0 = Release|Any CPU
		{8C86C5D5-0812-4E0E-8D5B-D48EFCD7AE40}.Release|ARM.ActiveCfg = Release|Any CPU
		{8C86C5D5-0812-4E0E-8D5B-D48EFCD7AE40}.Release|x64.ActiveCfg = Release|Any CPU
		{8C86C5D5-0812-4E0E-8D5B-D48EFCD7AE40}.Release|x86.ActiveCfg = Release|Any CPU
		{174B02A6-F189-40CF-832F-C294A9325D37}.Debug|Any CPU.ActiveCfg = Debug|Any CPU
		{174B02A6-F189-40CF-832F-C294A9325D37}.Debug|Any CPU.Build.0 = Debug|Any CPU
		{174B02A6-F189-40CF-832F-C294A9325D37}.Debug|Any CPU.Deploy.0 = Debug|Any CPU
		{174B02A6-F189-40CF-832F-C294A9325D37}.Debug|ARM.ActiveCfg = Debug|Any CPU
		{174B02A6-F189-40CF-832F-C294A9325D37}.Debug|x64.ActiveCfg = Debug|Any CPU
		{174B02A6-F189-40CF-832F-C294A9325D37}.Debug|x86.ActiveCfg = Debug|Any CPU
		{174B02A6-F189-40CF-832F-C294A9325D37}.Release|Any CPU.ActiveCfg = Release|Any CPU
		{174B02A6-F189-40CF-832F-C294A9325D37}.Release|Any CPU.Build.0 = Release|Any CPU
		{174B02A6-F189-40CF-832F-C294A9325D37}.Release|Any CPU.Deploy.0 = Release|Any CPU
		{174B02A6-F189-40CF-832F-C294A9325D37}.Release|ARM.ActiveCfg = Release|Any CPU
		{174B02A6-F189-40CF-832F-C294A9325D37}.Release|x64.ActiveCfg = Release|Any CPU
		{174B02A6-F189-40CF-832F-C294A9325D37}.Release|x86.ActiveCfg = Release|Any CPU
	EndGlobalSection
	GlobalSection(SolutionProperties) = preSolution
		HideSolutionNode = FALSE
	EndGlobalSection
	GlobalSection(NestedProjects) = preSolution
		{5769756E-AECD-4E76-BFA8-20394BA8BF3F} = {6DF39659-401E-401B-B416-CA8DCF77796E}
		{026E4123-C22C-410F-8EAE-445B802F5368} = {6DF39659-401E-401B-B416-CA8DCF77796E}
		{174B02A6-F189-40CF-832F-C294A9325D37} = {6DF39659-401E-401B-B416-CA8DCF77796E}
	EndGlobalSection
EndGlobal
